# This file is automatically @generated by Cargo.
# It is not intended for manual editing.
version = 4

[[package]]
name = "vibe-core"
version = "0.1.0"

[[package]]
name = "vibe-frame"
version = "0.1.0"
dependencies = [
 "vibe-core",
 "vibe-ingress",
 "vibe-scheduler",
]

[[package]]
name = "vibe-ingress"
version = "0.1.0"
dependencies = [
 "vibe-core",
]

[[package]]
name = "vibe-run"
version = "0.1.0"
dependencies = [
 "vibe-core",
 "vibe-frame",
 "vibe-ingress",
 "vibe-scheduler",
]

[[package]]
name = "vibe-scheduler"
version = "0.1.0"
dependencies = [
 "vibe-core",
 "vibe-ingress",
]
